
Microsoft Visual Studio Solution File, Format Version 12.00
# Visual Studio Version 16
VisualStudioVersion = 16.0.31129.286
MinimumVisualStudioVersion = 10.0.40219.1
Project("{FAE04EC0-301F-11D3-BF4B-00C04F79EFBC}") = "first program", "first program\first program.csproj", "{EF62603E-0559-44B3-A9F1-1FF7CE43C9E8}"
EndProject
Global
	GlobalSection(SolutionConfigurationPlatforms) = preSolution
		Debug|Any CPU = Debug|Any CPU
		Release|Any CPU = Release|Any CPU
	EndGlobalSection
	GlobalSection(ProjectConfigurationPlatforms) = postSolution
		{EF62603E-0559-44B3-A9F1-1FF7CE43C9E8}.Debug|Any CPU.ActiveCfg = Debug|Any CPU
		{EF62603E-0559-44B3-A9F1-1FF7CE43C9E8}.Debug|Any CPU.Build.0 = Debug|Any CPU
		{EF62603E-0559-44B3-A9F1-1FF7CE43C9E8}.Release|Any CPU.ActiveCfg = Release|Any CPU
		{EF62603E-0559-44B3-A9F1-1FF7CE43C9E8}.Release|Any CPU.Build.0 = Release|Any CPU
	EndGlobalSection
	GlobalSection(SolutionProperties) = preSolution
		HideSolutionNode = FALSE
	EndGlobalSection
	GlobalSection(ExtensibilityGlobals) = postSolution
		SolutionGuid = {8C85EBA0-5144-41B7-B368-7B066E51D129}
	EndGlobalSection
EndGlobal
